
Microsoft Visual Studio Solution File, Format Version 12.00
# Visual Studio Version 17
VisualStudioVersion = 17.14.36221.1 d17.14
MinimumVisualStudioVersion = 10.0.40219.1
Project("{FAE04EC0-301F-11D3-BF4B-00C04F79EFBC}") = "FirstDemo", "FirstDemo\FirstDemo.csproj", "{D1817C1A-538B-0828-F98B-284754445035}"
EndProject
Global
	GlobalSection(SolutionConfigurationPlatforms) = preSolution
		Debug|Any CPU = Debug|Any CPU
		Release|Any CPU = Release|Any CPU
	EndGlobalSection
	GlobalSection(ProjectConfigurationPlatforms) = postSolution
		{D1817C1A-538B-0828-F98B-284754445035}.Debug|Any CPU.ActiveCfg = Debug|Any CPU
		{D1817C1A-538B-0828-F98B-284754445035}.Debug|Any CPU.Build.0 = Debug|Any CPU
		{D1817C1A-538B-0828-F98B-284754445035}.Release|Any CPU.ActiveCfg = Release|Any CPU
		{D1817C1A-538B-0828-F98B-284754445035}.Release|Any CPU.Build.0 = Release|Any CPU
	EndGlobalSection
	GlobalSection(SolutionProperties) = preSolution
		HideSolutionNode = FALSE
	EndGlobalSection
	GlobalSection(ExtensibilityGlobals) = postSolution
		SolutionGuid = {B7286F9C-CCA5-4A80-951E-F6516FCBADA1}
	EndGlobalSection
EndGlobal
